// !$*UTF8*$!
{
	archiveVersion = 1;
	classes = {
	};
	objectVersion = 46;
	objects = {

/* Begin PBXBuildFile section */
		6B0AF72C1877E62100124DA6 /* Cocoa.framework in Frameworks */ = {isa = PBXBuildFile; fileRef = 6B0AF72B1877E62100124DA6 /* Cocoa.framework */; };
		6B0AF7361877E62100124DA6 /* InfoPlist.strings in Resources */ = {isa = PBXBuildFile; fileRef = 6B0AF7341877E62100124DA6 /* InfoPlist.strings */; };
		6B0AF7381877E62100124DA6 /* main.m in Sources */ = {isa = PBXBuildFile; fileRef = 6B0AF7371877E62100124DA6 /* main.m */; };
		6B0AF73C1877E62100124DA6 /* Credits.rtf in Resources */ = {isa = PBXBuildFile; fileRef = 6B0AF73A1877E62100124DA6 /* Credits.rtf */; };
		6B0AF73F1877E62100124DA6 /* ATAppDelegate.m in Sources */ = {isa = PBXBuildFile; fileRef = 6B0AF73E1877E62100124DA6 /* ATAppDelegate.m */; };
		6B0AF7421877E62100124DA6 /* MainMenu.xib in Resources */ = {isa = PBXBuildFile; fileRef = 6B0AF7401877E62100124DA6 /* MainMenu.xib */; };
		6B0AF7441877E62100124DA6 /* Images.xcassets in Resources */ = {isa = PBXBuildFile; fileRef = 6B0AF7431877E62100124DA6 /* Images.xcassets */; };
		6B0AF74B1877E62100124DA6 /* XCTest.framework in Frameworks */ = {isa = PBXBuildFile; fileRef = 6B0AF74A1877E62100124DA6 /* XCTest.framework */; };
		6B0AF74C1877E62100124DA6 /* Cocoa.framework in Frameworks */ = {isa = PBXBuildFile; fileRef = 6B0AF72B1877E62100124DA6 /* Cocoa.framework */; };
		6B0AF7541877E62100124DA6 /* InfoPlist.strings in Resources */ = {isa = PBXBuildFile; fileRef = 6B0AF7521877E62100124DA6 /* InfoPlist.strings */; };
		6B0AF7561877E62100124DA6 /* ATAnimationKitExampleTests.m in Sources */ = {isa = PBXBuildFile; fileRef = 6B0AF7551877E62100124DA6 /* ATAnimationKitExampleTests.m */; };
		6B0AF7651877E6D000124DA6 /* ATAnimationKit.framework in Frameworks */ = {isa = PBXBuildFile; fileRef = 6B0AF7641877E6D000124DA6 /* ATAnimationKit.framework */; };
		6B0AF7671877E78100124DA6 /* ATBase.framework in Frameworks */ = {isa = PBXBuildFile; fileRef = 6B0AF7661877E78100124DA6 /* ATBase.framework */; };
		6B0AF7701877F08A00124DA6 /* QuartzCore.framework in Frameworks */ = {isa = PBXBuildFile; fileRef = 6B0AF76F1877F08A00124DA6 /* QuartzCore.framework */; };
/* End PBXBuildFile section */

/* Begin PBXContainerItemProxy section */
		6B0AF74D1877E62100124DA6 /* PBXContainerItemProxy */ = {
			isa = PBXContainerItemProxy;
			containerPortal = 6B0AF7201877E62100124DA6 /* Project object */;
			proxyType = 1;
			remoteGlobalIDString = 6B0AF7271877E62100124DA6;
			remoteInfo = ATAnimationKitExample;
		};
/* End PBXContainerItemProxy section */

/* Begin PBXFileReference section */
		6B0AF7281877E62100124DA6 /* ATAnimationKitExample.app */ = {isa = PBXFileReference; explicitFileType = wrapper.application; includeInIndex = 0; path = ATAnimationKitExample.app; sourceTree = BUILT_PRODUCTS_DIR; };
		6B0AF72B1877E62100124DA6 /* Cocoa.framework */ = {isa = PBXFileReference; lastKnownFileType = wrapper.framework; name = Cocoa.framework; path = System/Library/Frameworks/Cocoa.framework; sourceTree = SDKROOT; };
		6B0AF72E1877E62100124DA6 /* AppKit.framework */ = {isa = PBXFileReference; lastKnownFileType = wrapper.framework; name = AppKit.framework; path = System/Library/Frameworks/AppKit.framework; sourceTree = SDKROOT; };
		6B0AF72F1877E62100124DA6 /* CoreData.framework */ = {isa = PBXFileReference; lastKnownFileType = wrapper.framework; name = CoreData.framework; path = System/Library/Frameworks/CoreData.framework; sourceTree = SDKROOT; };
		6B0AF7301877E62100124DA6 /* Foundation.framework */ = {isa = PBXFileReference; lastKnownFileType = wrapper.framework; name = Foundation.framework; path = System/Library/Frameworks/Foundation.framework; sourceTree = SDKROOT; };
		6B0AF7331877E62100124DA6 /* ATAnimationKitExample-Info.plist */ = {isa = PBXFileReference; lastKnownFileType = text.plist.xml; path = "ATAnimationKitExample-Info.plist"; sourceTree = "<group>"; };
		6B0AF7351877E62100124DA6 /* en */ = {isa = PBXFileReference; lastKnownFileType = text.plist.strings; name = en; path = en.lproj/InfoPlist.strings; sourceTree = "<group>"; };
		6B0AF7371877E62100124DA6 /* main.m */ = {isa = PBXFileReference; lastKnownFileType = sourcecode.c.objc; path = main.m; sourceTree = "<group>"; };
		6B0AF7391877E62100124DA6 /* ATAnimationKitExample-Prefix.pch */ = {isa = PBXFileReference; lastKnownFileType = sourcecode.c.h; path = "ATAnimationKitExample-Prefix.pch"; sourceTree = "<group>"; };
		6B0AF73B1877E62100124DA6 /* en */ = {isa = PBXFileReference; lastKnownFileType = text.rtf; name = en; path = en.lproj/Credits.rtf; sourceTree = "<group>"; };
		6B0AF73D1877E62100124DA6 /* ATAppDelegate.h */ = {isa = PBXFileReference; lastKnownFileType = sourcecode.c.h; path = ATAppDelegate.h; sourceTree = "<group>"; };
		6B0AF73E1877E62100124DA6 /* ATAppDelegate.m */ = {isa = PBXFileReference; lastKnownFileType = sourcecode.c.objc; path = ATAppDelegate.m; sourceTree = "<group>"; };
		6B0AF7411877E62100124DA6 /* Base */ = {isa = PBXFileReference; lastKnownFileType = file.xib; name = Base; path = Base.lproj/MainMenu.xib; sourceTree = "<group>"; };
		6B0AF7431877E62100124DA6 /* Images.xcassets */ = {isa = PBXFileReference; lastKnownFileType = folder.assetcatalog; path = Images.xcassets; sourceTree = "<group>"; };
		6B0AF7491877E62100124DA6 /* ATAnimationKitExampleTests.xctest */ = {isa = PBXFileReference; explicitFileType = wrapper.cfbundle; includeInIndex = 0; path = ATAnimationKitExampleTests.xctest; sourceTree = BUILT_PRODUCTS_DIR; };
		6B0AF74A1877E62100124DA6 /* XCTest.framework */ = {isa = PBXFileReference; lastKnownFileType = wrapper.framework; name = XCTest.framework; path = Library/Frameworks/XCTest.framework; sourceTree = DEVELOPER_DIR; };
		6B0AF7511877E62100124DA6 /* ATAnimationKitExampleTests-Info.plist */ = {isa = PBXFileReference; lastKnownFileType = text.plist.xml; path = "ATAnimationKitExampleTests-Info.plist"; sourceTree = "<group>"; };
		6B0AF7531877E62100124DA6 /* en */ = {isa = PBXFileReference; lastKnownFileType = text.plist.strings; name = en; path = en.lproj/InfoPlist.strings; sourceTree = "<group>"; };
		6B0AF7551877E62100124DA6 /* ATAnimationKitExampleTests.m */ = {isa = PBXFileReference; lastKnownFileType = sourcecode.c.objc; path = ATAnimationKitExampleTests.m; sourceTree = "<group>"; };
		6B0AF7641877E6D000124DA6 /* ATAnimationKit.framework */ = {isa = PBXFileReference; lastKnownFileType = wrapper.framework; name = ATAnimationKit.framework; path = "../../../Library/Developer/Xcode/DerivedData/ATWorkspace-aozgygxgjkuvbtfgoziymrczilmg/Build/Products/Debug/ATAnimationKit.framework"; sourceTree = "<group>"; };
		6B0AF7661877E78100124DA6 /* ATBase.framework */ = {isa = PBXFileReference; lastKnownFileType = wrapper.framework; name = ATBase.framework; path = "../../../Library/Developer/Xcode/DerivedData/ATWorkspace-aozgygxgjkuvbtfgoziymrczilmg/Build/Products/Debug/ATBase.framework"; sourceTree = "<group>"; };
		6B0AF76F1877F08A00124DA6 /* QuartzCore.framework */ = {isa = PBXFileReference; lastKnownFileType = wrapper.framework; name = QuartzCore.framework; path = System/Library/Frameworks/QuartzCore.framework; sourceTree = SDKROOT; };
/* End PBXFileReference section */

/* Begin PBXFrameworksBuildPhase section */
		6B0AF7251877E62100124DA6 /* Frameworks */ = {
			isa = PBXFrameworksBuildPhase;
			buildActionMask = 2147483647;
			files = (
				6B0AF7651877E6D000124DA6 /* ATAnimationKit.framework in Frameworks */,
				6B0AF7671877E78100124DA6 /* ATBase.framework in Frameworks */,
				6B0AF72C1877E62100124DA6 /* Cocoa.framework in Frameworks */,
				6B0AF7701877F08A00124DA6 /* QuartzCore.framework in Frameworks */,
			);
			runOnlyForDeploymentPostprocessing = 0;
		};
		6B0AF7461877E62100124DA6 /* Frameworks */ = {
			isa = PBXFrameworksBuildPhase;
			buildActionMask = 2147483647;
			files = (
				6B0AF74C1877E62100124DA6 /* Cocoa.framework in Frameworks */,
				6B0AF74B1877E62100124DA6 /* XCTest.framework in Frameworks */,
			);
			runOnlyForDeploymentPostprocessing = 0;
		};
/* End PBXFrameworksBuildPhase section */

/* Begin PBXGroup section */
		6B0AF71F1877E62100124DA6 = {
			isa = PBXGroup;
			children = (
				6B0AF7311877E62100124DA6 /* ATAnimationKitExample */,
				6B0AF74F1877E62100124DA6 /* ATAnimationKitExampleTests */,
				6B0AF72A1877E62100124DA6 /* Frameworks */,
				6B0AF7291877E62100124DA6 /* Products */,
			);
			sourceTree = "<group>";
		};
		6B0AF7291877E62100124DA6 /* Products */ = {
			isa = PBXGroup;
			children = (
				6B0AF7281877E62100124DA6 /* ATAnimationKitExample.app */,
				6B0AF7491877E62100124DA6 /* ATAnimationKitExampleTests.xctest */,
			);
			name = Products;
			sourceTree = "<group>";
		};
		6B0AF72A1877E62100124DA6 /* Frameworks */ = {
			isa = PBXGroup;
			children = (
				6B0AF72D1877E62100124DA6 /* Other Frameworks */,
				6B0AF7641877E6D000124DA6 /* ATAnimationKit.framework */,
				6B0AF7661877E78100124DA6 /* ATBase.framework */,
				6B0AF72B1877E62100124DA6 /* Cocoa.framework */,
				6B0AF76F1877F08A00124DA6 /* QuartzCore.framework */,
				6B0AF74A1877E62100124DA6 /* XCTest.framework */,
			);
			name = Frameworks;
			sourceTree = "<group>";
		};
		6B0AF72D1877E62100124DA6 /* Other Frameworks */ = {
			isa = PBXGroup;
			children = (
				6B0AF72E1877E62100124DA6 /* AppKit.framework */,
				6B0AF72F1877E62100124DA6 /* CoreData.framework */,
				6B0AF7301877E62100124DA6 /* Foundation.framework */,
			);
			name = "Other Frameworks";
			sourceTree = "<group>";
		};
		6B0AF7311877E62100124DA6 /* ATAnimationKitExample */ = {
			isa = PBXGroup;
			children = (
				6B0AF7321877E62100124DA6 /* Supporting Files */,
				6B0AF73D1877E62100124DA6 /* ATAppDelegate.h */,
				6B0AF73E1877E62100124DA6 /* ATAppDelegate.m */,
				6B0AF7431877E62100124DA6 /* Images.xcassets */,
				6B0AF7401877E62100124DA6 /* MainMenu.xib */,
			);
			path = ATAnimationKitExample;
			sourceTree = "<group>";
		};
		6B0AF7321877E62100124DA6 /* Supporting Files */ = {
			isa = PBXGroup;
			children = (
				6B0AF7331877E62100124DA6 /* ATAnimationKitExample-Info.plist */,
				6B0AF7391877E62100124DA6 /* ATAnimationKitExample-Prefix.pch */,
				6B0AF73A1877E62100124DA6 /* Credits.rtf */,
				6B0AF7341877E62100124DA6 /* InfoPlist.strings */,
				6B0AF7371877E62100124DA6 /* main.m */,
			);
			name = "Supporting Files";
			sourceTree = "<group>";
		};
		6B0AF74F1877E62100124DA6 /* ATAnimationKitExampleTests */ = {
			isa = PBXGroup;
			children = (
				6B0AF7501877E62100124DA6 /* Supporting Files */,
				6B0AF7551877E62100124DA6 /* ATAnimationKitExampleTests.m */,
			);
			path = ATAnimationKitExampleTests;
			sourceTree = "<group>";
		};
		6B0AF7501877E62100124DA6 /* Supporting Files */ = {
			isa = PBXGroup;
			children = (
				6B0AF7511877E62100124DA6 /* ATAnimationKitExampleTests-Info.plist */,
				6B0AF7521877E62100124DA6 /* InfoPlist.strings */,
			);
			name = "Supporting Files";
			sourceTree = "<group>";
		};
/* End PBXGroup section */

/* Begin PBXNativeTarget section */
		6B0AF7271877E62100124DA6 /* ATAnimationKitExample */ = {
			isa = PBXNativeTarget;
			buildConfigurationList = 6B0AF7591877E62100124DA6 /* Build configuration list for PBXNativeTarget "ATAnimationKitExample" */;
			buildPhases = (
				6B0AF7241877E62100124DA6 /* Sources */,
				6B0AF7251877E62100124DA6 /* Frameworks */,
				6B0AF7261877E62100124DA6 /* Resources */,
			);
			buildRules = (
			);
			dependencies = (
			);
			name = ATAnimationKitExample;
			productName = ATAnimationKitExample;
			productReference = 6B0AF7281877E62100124DA6 /* ATAnimationKitExample.app */;
			productType = "com.apple.product-type.application";
		};
		6B0AF7481877E62100124DA6 /* ATAnimationKitExampleTests */ = {
			isa = PBXNativeTarget;
			buildConfigurationList = 6B0AF75C1877E62100124DA6 /* Build configuration list for PBXNativeTarget "ATAnimationKitExampleTests" */;
			buildPhases = (
				6B0AF7451877E62100124DA6 /* Sources */,
				6B0AF7461877E62100124DA6 /* Frameworks */,
				6B0AF7471877E62100124DA6 /* Resources */,
			);
			buildRules = (
			);
			dependencies = (
				6B0AF74E1877E62100124DA6 /* PBXTargetDependency */,
			);
			name = ATAnimationKitExampleTests;
			productName = ATAnimationKitExampleTests;
			productReference = 6B0AF7491877E62100124DA6 /* ATAnimationKitExampleTests.xctest */;
			productType = "com.apple.product-type.bundle.unit-test";
		};
/* End PBXNativeTarget section */

/* Begin PBXProject section */
		6B0AF7201877E62100124DA6 /* Project object */ = {
			isa = PBXProject;
			attributes = {
				CLASSPREFIX = AT;
				LastUpgradeCheck = 0500;
				ORGANIZATIONNAME = "Andrew Toulouse";
				TargetAttributes = {
					6B0AF7481877E62100124DA6 = {
						TestTargetID = 6B0AF7271877E62100124DA6;
					};
				};
			};
			buildConfigurationList = 6B0AF7231877E62100124DA6 /* Build configuration list for PBXProject "ATAnimationKitExample" */;
			compatibilityVersion = "Xcode 3.2";
			developmentRegion = English;
			hasScannedForEncodings = 0;
			knownRegions = (
				en,
				Base,
			);
			mainGroup = 6B0AF71F1877E62100124DA6;
			productRefGroup = 6B0AF7291877E62100124DA6 /* Products */;
			projectDirPath = "";
			projectRoot = "";
			targets = (
				6B0AF7271877E62100124DA6 /* ATAnimationKitExample */,
				6B0AF7481877E62100124DA6 /* ATAnimationKitExampleTests */,
			);
		};
/* End PBXProject section */

/* Begin PBXResourcesBuildPhase section */
		6B0AF7261877E62100124DA6 /* Resources */ = {
			isa = PBXResourcesBuildPhase;
			buildActionMask = 2147483647;
			files = (
				6B0AF73C1877E62100124DA6 /* Credits.rtf in Resources */,
				6B0AF7441877E62100124DA6 /* Images.xcassets in Resources */,
				6B0AF7361877E62100124DA6 /* InfoPlist.strings in Resources */,
				6B0AF7421877E62100124DA6 /* MainMenu.xib in Resources */,
			);
			runOnlyForDeploymentPostprocessing = 0;
		};
		6B0AF7471877E62100124DA6 /* Resources */ = {
			isa = PBXResourcesBuildPhase;
			buildActionMask = 2147483647;
			files = (
				6B0AF7541877E62100124DA6 /* InfoPlist.strings in Resources */,
			);
			runOnlyForDeploymentPostprocessing = 0;
		};
/* End PBXResourcesBuildPhase section */

/* Begin PBXSourcesBuildPhase section */
		6B0AF7241877E62100124DA6 /* Sources */ = {
			isa = PBXSourcesBuildPhase;
			buildActionMask = 2147483647;
			files = (
				6B0AF73F1877E62100124DA6 /* ATAppDelegate.m in Sources */,
				6B0AF7381877E62100124DA6 /* main.m in Sources */,
			);
			runOnlyForDeploymentPostprocessing = 0;
		};
		6B0AF7451877E62100124DA6 /* Sources */ = {
			isa = PBXSourcesBuildPhase;
			buildActionMask = 2147483647;
			files = (
				6B0AF7561877E62100124DA6 /* ATAnimationKitExampleTests.m in Sources */,
			);
			runOnlyForDeploymentPostprocessing = 0;
		};
/* End PBXSourcesBuildPhase section */

/* Begin PBXTargetDependency section */
		6B0AF74E1877E62100124DA6 /* PBXTargetDependency */ = {
			isa = PBXTargetDependency;
			target = 6B0AF7271877E62100124DA6 /* ATAnimationKitExample */;
			targetProxy = 6B0AF74D1877E62100124DA6 /* PBXContainerItemProxy */;
		};
/* End PBXTargetDependency section */

/* Begin PBXVariantGroup section */
		6B0AF7341877E62100124DA6 /* InfoPlist.strings */ = {
			isa = PBXVariantGroup;
			children = (
				6B0AF7351877E62100124DA6 /* en */,
			);
			name = InfoPlist.strings;
			sourceTree = "<group>";
		};
		6B0AF73A1877E62100124DA6 /* Credits.rtf */ = {
			isa = PBXVariantGroup;
			children = (
				6B0AF73B1877E62100124DA6 /* en */,
			);
			name = Credits.rtf;
			sourceTree = "<group>";
		};
		6B0AF7401877E62100124DA6 /* MainMenu.xib */ = {
			isa = PBXVariantGroup;
			children = (
				6B0AF7411877E62100124DA6 /* Base */,
			);
			name = MainMenu.xib;
			sourceTree = "<group>";
		};
		6B0AF7521877E62100124DA6 /* InfoPlist.strings */ = {
			isa = PBXVariantGroup;
			children = (
				6B0AF7531877E62100124DA6 /* en */,
			);
			name = InfoPlist.strings;
			sourceTree = "<group>";
		};
/* End PBXVariantGroup section */

/* Begin XCBuildConfiguration section */
		6B0AF7571877E62100124DA6 /* Debug */ = {
			isa = XCBuildConfiguration;
			buildSettings = {
				ALWAYS_SEARCH_USER_PATHS = NO;
				CLANG_CXX_LANGUAGE_STANDARD = "gnu++0x";
				CLANG_CXX_LIBRARY = "libc++";
				CLANG_ENABLE_OBJC_ARC = YES;
				CLANG_WARN_BOOL_CONVERSION = YES;
				CLANG_WARN_CONSTANT_CONVERSION = YES;
				CLANG_WARN_DIRECT_OBJC_ISA_USAGE = YES_ERROR;
				CLANG_WARN_EMPTY_BODY = YES;
				CLANG_WARN_ENUM_CONVERSION = YES;
				CLANG_WARN_INT_CONVERSION = YES;
				CLANG_WARN_OBJC_ROOT_CLASS = YES_ERROR;
				CLANG_WARN__DUPLICATE_METHOD_MATCH = YES;
				COPY_PHASE_STRIP = NO;
				GCC_C_LANGUAGE_STANDARD = gnu99;
				GCC_DYNAMIC_NO_PIC = NO;
				GCC_ENABLE_OBJC_EXCEPTIONS = YES;
				GCC_OPTIMIZATION_LEVEL = 0;
				GCC_PREPROCESSOR_DEFINITIONS = (
					"DEBUG=1",
					"$(inherited)",
				);
				GCC_SYMBOLS_PRIVATE_EXTERN = NO;
				GCC_WARN_64_TO_32_BIT_CONVERSION = YES;
				GCC_WARN_ABOUT_RETURN_TYPE = YES_ERROR;
				GCC_WARN_UNDECLARED_SELECTOR = YES;
				GCC_WARN_UNINITIALIZED_AUTOS = YES;
				GCC_WARN_UNUSED_FUNCTION = YES;
				GCC_WARN_UNUSED_VARIABLE = YES;
				MACOSX_DEPLOYMENT_TARGET = 10.9;
				ONLY_ACTIVE_ARCH = YES;
				SDKROOT = macosx;
			};
			name = Debug;
		};
		6B0AF7581877E62100124DA6 /* Release */ = {
			isa = XCBuildConfiguration;
			buildSettings = {
				ALWAYS_SEARCH_USER_PATHS = NO;
				CLANG_CXX_LANGUAGE_STANDARD = "gnu++0x";
				CLANG_CXX_LIBRARY = "libc++";
				CLANG_ENABLE_OBJC_ARC = YES;
				CLANG_WARN_BOOL_CONVERSION = YES;
				CLANG_WARN_CONSTANT_CONVERSION = YES;
				CLANG_WARN_DIRECT_OBJC_ISA_USAGE = YES_ERROR;
				CLANG_WARN_EMPTY_BODY = YES;
				CLANG_WARN_ENUM_CONVERSION = YES;
				CLANG_WARN_INT_CONVERSION = YES;
				CLANG_WARN_OBJC_ROOT_CLASS = YES_ERROR;
				CLANG_WARN__DUPLICATE_METHOD_MATCH = YES;
				COPY_PHASE_STRIP = YES;
				DEBUG_INFORMATION_FORMAT = "dwarf-with-dsym";
				ENABLE_NS_ASSERTIONS = NO;
				GCC_C_LANGUAGE_STANDARD = gnu99;
				GCC_ENABLE_OBJC_EXCEPTIONS = YES;
				GCC_WARN_64_TO_32_BIT_CONVERSION = YES;
				GCC_WARN_ABOUT_RETURN_TYPE = YES_ERROR;
				GCC_WARN_UNDECLARED_SELECTOR = YES;
				GCC_WARN_UNINITIALIZED_AUTOS = YES;
				GCC_WARN_UNUSED_FUNCTION = YES;
				GCC_WARN_UNUSED_VARIABLE = YES;
				MACOSX_DEPLOYMENT_TARGET = 10.9;
				SDKROOT = macosx;
			};
			name = Release;
		};
		6B0AF75A1877E62100124DA6 /* Debug */ = {
			isa = XCBuildConfiguration;
			buildSettings = {
				ASSETCATALOG_COMPILER_APPICON_NAME = AppIcon;
				COMBINE_HIDPI_IMAGES = YES;
				FRAMEWORK_SEARCH_PATHS = "$(inherited)";
				GCC_PRECOMPILE_PREFIX_HEADER = YES;
				GCC_PREFIX_HEADER = "ATAnimationKitExample/ATAnimationKitExample-Prefix.pch";
				INFOPLIST_FILE = "ATAnimationKitExample/ATAnimationKitExample-Info.plist";
				PRODUCT_NAME = "$(TARGET_NAME)";
				WRAPPER_EXTENSION = app;
			};
			name = Debug;
		};
		6B0AF75B1877E62100124DA6 /* Release */ = {
			isa = XCBuildConfiguration;
			buildSettings = {
				ASSETCATALOG_COMPILER_APPICON_NAME = AppIcon;
				COMBINE_HIDPI_IMAGES = YES;
				FRAMEWORK_SEARCH_PATHS = "$(inherited)";
				GCC_PRECOMPILE_PREFIX_HEADER = YES;
				GCC_PREFIX_HEADER = "ATAnimationKitExample/ATAnimationKitExample-Prefix.pch";
				INFOPLIST_FILE = "ATAnimationKitExample/ATAnimationKitExample-Info.plist";
				PRODUCT_NAME = "$(TARGET_NAME)";
				WRAPPER_EXTENSION = app;
			};
			name = Release;
		};
		6B0AF75D1877E62100124DA6 /* Debug */ = {
			isa = XCBuildConfiguration;
			buildSettings = {
				BUNDLE_LOADER = "$(BUILT_PRODUCTS_DIR)/ATAnimationKitExample.app/Contents/MacOS/ATAnimationKitExample";
				COMBINE_HIDPI_IMAGES = YES;
				FRAMEWORK_SEARCH_PATHS = (
					"$(DEVELOPER_FRAMEWORKS_DIR)",
					"$(inherited)",
				);
				GCC_PRECOMPILE_PREFIX_HEADER = YES;
				GCC_PREFIX_HEADER = "ATAnimationKitExample/ATAnimationKitExample-Prefix.pch";
				GCC_PREPROCESSOR_DEFINITIONS = (
					"DEBUG=1",
					"$(inherited)",
				);
				INFOPLIST_FILE = "ATAnimationKitExampleTests/ATAnimationKitExampleTests-Info.plist";
				PRODUCT_NAME = "$(TARGET_NAME)";
				TEST_HOST = "$(BUNDLE_LOADER)";
				WRAPPER_EXTENSION = xctest;
			};
			name = Debug;
		};
		6B0AF75E1877E62100124DA6 /* Release */ = {
			isa = XCBuildConfiguration;
			buildSettings = {
				BUNDLE_LOADER = "$(BUILT_PRODUCTS_DIR)/ATAnimationKitExample.app/Contents/MacOS/ATAnimationKitExample";
				COMBINE_HIDPI_IMAGES = YES;
				FRAMEWORK_SEARCH_PATHS = (
					"$(DEVELOPER_FRAMEWORKS_DIR)",
					"$(inherited)",
				);
				GCC_PRECOMPILE_PREFIX_HEADER = YES;
				GCC_PREFIX_HEADER = "ATAnimationKitExample/ATAnimationKitExample-Prefix.pch";
				INFOPLIST_FILE = "ATAnimationKitExampleTests/ATAnimationKitExampleTests-Info.plist";
				PRODUCT_NAME = "$(TARGET_NAME)";
				TEST_HOST = "$(BUNDLE_LOADER)";
				WRAPPER_EXTENSION = xctest;
			};
			name = Release;
		};
/* End XCBuildConfiguration section */

/* Begin XCConfigurationList section */
		6B0AF7231877E62100124DA6 /* Build configuration list for PBXProject "ATAnimationKitExample" */ = {
			isa = XCConfigurationList;
			buildConfigurations = (
				6B0AF7571877E62100124DA6 /* Debug */,
				6B0AF7581877E62100124DA6 /* Release */,
			);
			defaultConfigurationIsVisible = 0;
			defaultConfigurationName = Release;
		};
		6B0AF7591877E62100124DA6 /* Build configuration list for PBXNativeTarget "ATAnimationKitExample" */ = {
			isa = XCConfigurationList;
			buildConfigurations = (
				6B0AF75A1877E62100124DA6 /* Debug */,
				6B0AF75B1877E62100124DA6 /* Release */,
			);
			defaultConfigurationIsVisible = 0;
			defaultConfigurationName = Release;
		};
		6B0AF75C1877E62100124DA6 /* Build configuration list for PBXNativeTarget "ATAnimationKitExampleTests" */ = {
			isa = XCConfigurationList;
			buildConfigurations = (
				6B0AF75D1877E62100124DA6 /* Debug */,
				6B0AF75E1877E62100124DA6 /* Release */,
			);
			defaultConfigurationIsVisible = 0;
			defaultConfigurationName = Release;
		};
/* End XCConfigurationList section */
	};
	rootObject = 6B0AF7201877E62100124DA6 /* Project object */;
}
